// !$*UTF8*$!
{
	archiveVersion = 1;
	classes = {
	};
	objectVersion = 56;
	objects = {

/* Begin PBXBuildFile section */
		737CC75C29D23BE600FDC5DC /* _0230327_KostiantynNevinchanyi_NYCSchoolsApp.swift in Sources */ = {isa = PBXBuildFile; fileRef = 737CC75B29D23BE600FDC5DC /* _0230327_KostiantynNevinchanyi_NYCSchoolsApp.swift */; };
		737CC75E29D23BE600FDC5DC /* ContentView.swift in Sources */ = {isa = PBXBuildFile; fileRef = 737CC75D29D23BE600FDC5DC /* ContentView.swift */; };
		737CC76029D23BE800FDC5DC /* Assets.xcassets in Resources */ = {isa = PBXBuildFile; fileRef = 737CC75F29D23BE800FDC5DC /* Assets.xcassets */; };
		737CC76329D23BE800FDC5DC /* Preview Assets.xcassets in Resources */ = {isa = PBXBuildFile; fileRef = 737CC76229D23BE800FDC5DC /* Preview Assets.xcassets */; };
/* End PBXBuildFile section */

/* Begin PBXFileReference section */
		737CC75829D23BE600FDC5DC /* 20230327-KostiantynNevinchanyi-NYCSchools.app */ = {isa = PBXFileReference; explicitFileType = wrapper.application; includeInIndex = 0; path = "20230327-KostiantynNevinchanyi-NYCSchools.app"; sourceTree = BUILT_PRODUCTS_DIR; };
		737CC75B29D23BE600FDC5DC /* _0230327_KostiantynNevinchanyi_NYCSchoolsApp.swift */ = {isa = PBXFileReference; lastKnownFileType = sourcecode.swift; path = _0230327_KostiantynNevinchanyi_NYCSchoolsApp.swift; sourceTree = "<group>"; };
		737CC75D29D23BE600FDC5DC /* ContentView.swift */ = {isa = PBXFileReference; lastKnownFileType = sourcecode.swift; path = ContentView.swift; sourceTree = "<group>"; };
		737CC75F29D23BE800FDC5DC /* Assets.xcassets */ = {isa = PBXFileReference; lastKnownFileType = folder.assetcatalog; path = Assets.xcassets; sourceTree = "<group>"; };
		737CC76229D23BE800FDC5DC /* Preview Assets.xcassets */ = {isa = PBXFileReference; lastKnownFileType = folder.assetcatalog; path = "Preview Assets.xcassets"; sourceTree = "<group>"; };
/* End PBXFileReference section */

/* Begin PBXFrameworksBuildPhase section */
		737CC75529D23BE600FDC5DC /* Frameworks */ = {
			isa = PBXFrameworksBuildPhase;
			buildActionMask = 2147483647;
			files = (
			);
			runOnlyForDeploymentPostprocessing = 0;
		};
/* End PBXFrameworksBuildPhase section */

/* Begin PBXGroup section */
		737CC74F29D23BE600FDC5DC = {
			isa = PBXGroup;
			children = (
				737CC75A29D23BE600FDC5DC /* 20230327-KostiantynNevinchanyi-NYCSchools */,
				737CC75929D23BE600FDC5DC /* Products */,
			);
			sourceTree = "<group>";
		};
		737CC75929D23BE600FDC5DC /* Products */ = {
			isa = PBXGroup;
			children = (
				737CC75829D23BE600FDC5DC /* 20230327-KostiantynNevinchanyi-NYCSchools.app */,
			);
			name = Products;
			sourceTree = "<group>";
		};
		737CC75A29D23BE600FDC5DC /* 20230327-KostiantynNevinchanyi-NYCSchools */ = {
			isa = PBXGroup;
			children = (
				737CC75B29D23BE600FDC5DC /* _0230327_KostiantynNevinchanyi_NYCSchoolsApp.swift */,
				737CC75D29D23BE600FDC5DC /* ContentView.swift */,
				737CC75F29D23BE800FDC5DC /* Assets.xcassets */,
				737CC76129D23BE800FDC5DC /* Preview Content */,
			);
			path = "20230327-KostiantynNevinchanyi-NYCSchools";
			sourceTree = "<group>";
		};
		737CC76129D23BE800FDC5DC /* Preview Content */ = {
			isa = PBXGroup;
			children = (
				737CC76229D23BE800FDC5DC /* Preview Assets.xcassets */,
			);
			path = "Preview Content";
			sourceTree = "<group>";
		};
/* End PBXGroup section */

/* Begin PBXNativeTarget section */
		737CC75729D23BE600FDC5DC /* 20230327-KostiantynNevinchanyi-NYCSchools */ = {
			isa = PBXNativeTarget;
			buildConfigurationList = 737CC76629D23BE800FDC5DC /* Build configuration list for PBXNativeTarget "20230327-KostiantynNevinchanyi-NYCSchools" */;
			buildPhases = (
				737CC75429D23BE600FDC5DC /* Sources */,
				737CC75529D23BE600FDC5DC /* Frameworks */,
				737CC75629D23BE600FDC5DC /* Resources */,
			);
			buildRules = (
			);
			dependencies = (
			);
			name = "20230327-KostiantynNevinchanyi-NYCSchools";
			productName = "20230327-KostiantynNevinchanyi-NYCSchools";
			productReference = 737CC75829D23BE600FDC5DC /* 20230327-KostiantynNevinchanyi-NYCSchools.app */;
			productType = "com.apple.product-type.application";
		};
/* End PBXNativeTarget section */

/* Begin PBXProject section */
		737CC75029D23BE600FDC5DC /* Project object */ = {
			isa = PBXProject;
			attributes = {
				BuildIndependentTargetsInParallel = 1;
				LastSwiftUpdateCheck = 1420;
				LastUpgradeCheck = 1420;
				TargetAttributes = {
					737CC75729D23BE600FDC5DC = {
						CreatedOnToolsVersion = 14.2;
					};
				};
			};
			buildConfigurationList = 737CC75329D23BE600FDC5DC /* Build configuration list for PBXProject "20230327-KostiantynNevinchanyi-NYCSchools" */;
			compatibilityVersion = "Xcode 14.0";
			developmentRegion = en;
			hasScannedForEncodings = 0;
			knownRegions = (
				en,
				Base,
			);
			mainGroup = 737CC74F29D23BE600FDC5DC;
			productRefGroup = 737CC75929D23BE600FDC5DC /* Products */;
			projectDirPath = "";
			projectRoot = "";
			targets = (
				737CC75729D23BE600FDC5DC /* 20230327-KostiantynNevinchanyi-NYCSchools */,
			);
		};
/* End PBXProject section */

/* Begin PBXResourcesBuildPhase section */
		737CC75629D23BE600FDC5DC /* Resources */ = {
			isa = PBXResourcesBuildPhase;
			buildActionMask = 2147483647;
			files = (
				737CC76329D23BE800FDC5DC /* Preview Assets.xcassets in Resources */,
				737CC76029D23BE800FDC5DC /* Assets.xcassets in Resources */,
			);
			runOnlyForDeploymentPostprocessing = 0;
		};
/* End PBXResourcesBuildPhase section */

/* Begin PBXSourcesBuildPhase section */
		737CC75429D23BE600FDC5DC /* Sources */ = {
			isa = PBXSourcesBuildPhase;
			buildActionMask = 2147483647;
			files = (
				737CC75E29D23BE600FDC5DC /* ContentView.swift in Sources */,
				737CC75C29D23BE600FDC5DC /* _0230327_KostiantynNevinchanyi_NYCSchoolsApp.swift in Sources */,
			);
			runOnlyForDeploymentPostprocessing = 0;
		};
/* End PBXSourcesBuildPhase section */

/* Begin XCBuildConfiguration section */
		737CC76429D23BE800FDC5DC /* Debug */ = {
			isa = XCBuildConfiguration;
			buildSettings = {
				ALWAYS_SEARCH_USER_PATHS = NO;
				CLANG_ANALYZER_NONNULL = YES;
				CLANG_ANALYZER_NUMBER_OBJECT_CONVERSION = YES_AGGRESSIVE;
				CLANG_CXX_LANGUAGE_STANDARD = "gnu++20";
				CLANG_ENABLE_MODULES = YES;
				CLANG_ENABLE_OBJC_ARC = YES;
				CLANG_ENABLE_OBJC_WEAK = YES;
				CLANG_WARN_BLOCK_CAPTURE_AUTORELEASING = YES;
				CLANG_WARN_BOOL_CONVERSION = YES;
				CLANG_WARN_COMMA = YES;
				CLANG_WARN_CONSTANT_CONVERSION = YES;
				CLANG_WARN_DEPRECATED_OBJC_IMPLEMENTATIONS = YES;
				CLANG_WARN_DIRECT_OBJC_ISA_USAGE = YES_ERROR;
				CLANG_WARN_DOCUMENTATION_COMMENTS = YES;
				CLANG_WARN_EMPTY_BODY = YES;
				CLANG_WARN_ENUM_CONVERSION = YES;
				CLANG_WARN_INFINITE_RECURSION = YES;
				CLANG_WARN_INT_CONVERSION = YES;
				CLANG_WARN_NON_LITERAL_NULL_CONVERSION = YES;
				CLANG_WARN_OBJC_IMPLICIT_RETAIN_SELF = YES;
				CLANG_WARN_OBJC_LITERAL_CONVERSION = YES;
				CLANG_WARN_OBJC_ROOT_CLASS = YES_ERROR;
				CLANG_WARN_QUOTED_INCLUDE_IN_FRAMEWORK_HEADER = YES;
				CLANG_WARN_RANGE_LOOP_ANALYSIS = YES;
				CLANG_WARN_STRICT_PROTOTYPES = YES;
				CLANG_WARN_SUSPICIOUS_MOVE = YES;
				CLANG_WARN_UNGUARDED_AVAILABILITY = YES_AGGRESSIVE;
				CLANG_WARN_UNREACHABLE_CODE = YES;
				CLANG_WARN__DUPLICATE_METHOD_MATCH = YES;
				COPY_PHASE_STRIP = NO;
				DEBUG_INFORMATION_FORMAT = dwarf;
				ENABLE_STRICT_OBJC_MSGSEND = YES;
				ENABLE_TESTABILITY = YES;
				GCC_C_LANGUAGE_STANDARD = gnu11;
				GCC_DYNAMIC_NO_PIC = NO;
				GCC_NO_COMMON_BLOCKS = YES;
				GCC_OPTIMIZATION_LEVEL = 0;
				GCC_PREPROCESSOR_DEFINITIONS = (
					"DEBUG=1",
					"$(inherited)",
				);
				GCC_WARN_64_TO_32_BIT_CONVERSION = YES;
				GCC_WARN_ABOUT_RETURN_TYPE = YES_ERROR;
				GCC_WARN_UNDECLARED_SELECTOR = YES;
				GCC_WARN_UNINITIALIZED_AUTOS = YES_AGGRESSIVE;
				GCC_WARN_UNUSED_FUNCTION = YES;
				GCC_WARN_UNUSED_VARIABLE = YES;
				IPHONEOS_DEPLOYMENT_TARGET = 16.2;
				MTL_ENABLE_DEBUG_INFO = INCLUDE_SOURCE;
				MTL_FAST_MATH = YES;
				ONLY_ACTIVE_ARCH = YES;
				SDKROOT = iphoneos;
				SWIFT_ACTIVE_COMPILATION_CONDITIONS = DEBUG;
				SWIFT_OPTIMIZATION_LEVEL = "-Onone";
			};
			name = Debug;
		};
		737CC76529D23BE800FDC5DC /* Release */ = {
			isa = XCBuildConfiguration;
			buildSettings = {
				ALWAYS_SEARCH_USER_PATHS = NO;
				CLANG_ANALYZER_NONNULL = YES;
				CLANG_ANALYZER_NUMBER_OBJECT_CONVERSION = YES_AGGRESSIVE;
				CLANG_CXX_LANGUAGE_STANDARD = "gnu++20";
				CLANG_ENABLE_MODULES = YES;
				CLANG_ENABLE_OBJC_ARC = YES;
				CLANG_ENABLE_OBJC_WEAK = YES;
				CLANG_WARN_BLOCK_CAPTURE_AUTORELEASING = YES;
				CLANG_WARN_BOOL_CONVERSION = YES;
				CLANG_WARN_COMMA = YES;
				CLANG_WARN_CONSTANT_CONVERSION = YES;
				CLANG_WARN_DEPRECATED_OBJC_IMPLEMENTATIONS = YES;
				CLANG_WARN_DIRECT_OBJC_ISA_USAGE = YES_ERROR;
				CLANG_WARN_DOCUMENTATION_COMMENTS = YES;
				CLANG_WARN_EMPTY_BODY = YES;
				CLANG_WARN_ENUM_CONVERSION = YES;
				CLANG_WARN_INFINITE_RECURSION = YES;
				CLANG_WARN_INT_CONVERSION = YES;
				CLANG_WARN_NON_LITERAL_NULL_CONVERSION = YES;
				CLANG_WARN_OBJC_IMPLICIT_RETAIN_SELF = YES;
				CLANG_WARN_OBJC_LITERAL_CONVERSION = YES;
				CLANG_WARN_OBJC_ROOT_CLASS = YES_ERROR;
				CLANG_WARN_QUOTED_INCLUDE_IN_FRAMEWORK_HEADER = YES;
				CLANG_WARN_RANGE_LOOP_ANALYSIS = YES;
				CLANG_WARN_STRICT_PROTOTYPES = YES;
				CLANG_WARN_SUSPICIOUS_MOVE = YES;
				CLANG_WARN_UNGUARDED_AVAILABILITY = YES_AGGRESSIVE;
				CLANG_WARN_UNREACHABLE_CODE = YES;
				CLANG_WARN__DUPLICATE_METHOD_MATCH = YES;
				COPY_PHASE_STRIP = NO;
				DEBUG_INFORMATION_FORMAT = "dwarf-with-dsym";
				ENABLE_NS_ASSERTIONS = NO;
				ENABLE_STRICT_OBJC_MSGSEND = YES;
				GCC_C_LANGUAGE_STANDARD = gnu11;
				GCC_NO_COMMON_BLOCKS = YES;
				GCC_WARN_64_TO_32_BIT_CONVERSION = YES;
				GCC_WARN_ABOUT_RETURN_TYPE = YES_ERROR;
				GCC_WARN_UNDECLARED_SELECTOR = YES;
				GCC_WARN_UNINITIALIZED_AUTOS = YES_AGGRESSIVE;
				GCC_WARN_UNUSED_FUNCTION = YES;
				GCC_WARN_UNUSED_VARIABLE = YES;
				IPHONEOS_DEPLOYMENT_TARGET = 16.2;
				MTL_ENABLE_DEBUG_INFO = NO;
				MTL_FAST_MATH = YES;
				SDKROOT = iphoneos;
				SWIFT_COMPILATION_MODE = wholemodule;
				SWIFT_OPTIMIZATION_LEVEL = "-O";
				VALIDATE_PRODUCT = YES;
			};
			name = Release;
		};
		737CC76729D23BE800FDC5DC /* Debug */ = {
			isa = XCBuildConfiguration;
			buildSettings = {
				ASSETCATALOG_COMPILER_APPICON_NAME = AppIcon;
				ASSETCATALOG_COMPILER_GLOBAL_ACCENT_COLOR_NAME = AccentColor;
				CODE_SIGN_STYLE = Automatic;
				CURRENT_PROJECT_VERSION = 1;
				DEVELOPMENT_ASSET_PATHS = "\"20230327-KostiantynNevinchanyi-NYCSchools/Preview Content\"";
				DEVELOPMENT_TEAM = 5L26R3QCRU;
				ENABLE_PREVIEWS = YES;
				GENERATE_INFOPLIST_FILE = YES;
				INFOPLIST_KEY_UIApplicationSceneManifest_Generation = YES;
				INFOPLIST_KEY_UIApplicationSupportsIndirectInputEvents = YES;
				INFOPLIST_KEY_UILaunchScreen_Generation = YES;
				INFOPLIST_KEY_UISupportedInterfaceOrientations_iPad = "UIInterfaceOrientationPortrait UIInterfaceOrientationPortraitUpsideDown UIInterfaceOrientationLandscapeLeft UIInterfaceOrientationLandscapeRight";
				INFOPLIST_KEY_UISupportedInterfaceOrientations_iPhone = "UIInterfaceOrientationPortrait UIInterfaceOrientationLandscapeLeft UIInterfaceOrientationLandscapeRight";
				LD_RUNPATH_SEARCH_PATHS = (
					"$(inherited)",
					"@executable_path/Frameworks",
				);
				MARKETING_VERSION = 1.0;
				PRODUCT_BUNDLE_IDENTIFIER = "com.-0230327-KostiantynNevinchanyi-NYCSchools";
				PRODUCT_NAME = "$(TARGET_NAME)";
				SWIFT_EMIT_LOC_STRINGS = YES;
				SWIFT_VERSION = 5.0;
				TARGETED_DEVICE_FAMILY = "1,2";
			};
			name = Debug;
		};
		737CC76829D23BE800FDC5DC /* Release */ = {
			isa = XCBuildConfiguration;
			buildSettings = {
				ASSETCATALOG_COMPILER_APPICON_NAME = AppIcon;
				ASSETCATALOG_COMPILER_GLOBAL_ACCENT_COLOR_NAME = AccentColor;
				CODE_SIGN_STYLE = Automatic;
				CURRENT_PROJECT_VERSION = 1;
				DEVELOPMENT_ASSET_PATHS = "\"20230327-KostiantynNevinchanyi-NYCSchools/Preview Content\"";
				DEVELOPMENT_TEAM = 5L26R3QCRU;
				ENABLE_PREVIEWS = YES;
				GENERATE_INFOPLIST_FILE = YES;
				INFOPLIST_KEY_UIApplicationSceneManifest_Generation = YES;
				INFOPLIST_KEY_UIApplicationSupportsIndirectInputEvents = YES;
				INFOPLIST_KEY_UILaunchScreen_Generation = YES;
				INFOPLIST_KEY_UISupportedInterfaceOrientations_iPad = "UIInterfaceOrientationPortrait UIInterfaceOrientationPortraitUpsideDown UIInterfaceOrientationLandscapeLeft UIInterfaceOrientationLandscapeRight";
				INFOPLIST_KEY_UISupportedInterfaceOrientations_iPhone = "UIInterfaceOrientationPortrait UIInterfaceOrientationLandscapeLeft UIInterfaceOrientationLandscapeRight";
				LD_RUNPATH_SEARCH_PATHS = (
					"$(inherited)",
					"@executable_path/Frameworks",
				);
				MARKETING_VERSION = 1.0;
				PRODUCT_BUNDLE_IDENTIFIER = "com.-0230327-KostiantynNevinchanyi-NYCSchools";
				PRODUCT_NAME = "$(TARGET_NAME)";
				SWIFT_EMIT_LOC_STRINGS = YES;
				SWIFT_VERSION = 5.0;
				TARGETED_DEVICE_FAMILY = "1,2";
			};
			name = Release;
		};
/* End XCBuildConfiguration section */

/* Begin XCConfigurationList section */
		737CC75329D23BE600FDC5DC /* Build configuration list for PBXProject "20230327-KostiantynNevinchanyi-NYCSchools" */ = {
			isa = XCConfigurationList;
			buildConfigurations = (
				737CC76429D23BE800FDC5DC /* Debug */,
				737CC76529D23BE800FDC5DC /* Release */,
			);
			defaultConfigurationIsVisible = 0;
			defaultConfigurationName = Release;
		};
		737CC76629D23BE800FDC5DC /* Build configuration list for PBXNativeTarget "20230327-KostiantynNevinchanyi-NYCSchools" */ = {
			isa = XCConfigurationList;
			buildConfigurations = (
				737CC76729D23BE800FDC5DC /* Debug */,
				737CC76829D23BE800FDC5DC /* Release */,
			);
			defaultConfigurationIsVisible = 0;
			defaultConfigurationName = Release;
		};
/* End XCConfigurationList section */
	};
	rootObject = 737CC75029D23BE600FDC5DC /* Project object */;
}
